
Microsoft Visual Studio Solution File, Format Version 11.00
# Visual Web Developer Express 2010
Project("{FAE04EC0-301F-11D3-BF4B-00C04F79EFBC}") = "WebApplication1", "WebApplication1\WebApplication1.csproj", "{A25A1C84-B5EF-4FA2-B2EE-B0F35D26F7DC}"
EndProject
Global
	GlobalSection(SolutionConfigurationPlatforms) = preSolution
		Debug|Any CPU = Debug|Any CPU
		Release|Any CPU = Release|Any CPU
	EndGlobalSection
	GlobalSection(ProjectConfigurationPlatforms) = postSolution
		{A25A1C84-B5EF-4FA2-B2EE-B0F35D26F7DC}.Debug|Any CPU.ActiveCfg = Debug|Any CPU
		{A25A1C84-B5EF-4FA2-B2EE-B0F35D26F7DC}.Debug|Any CPU.Build.0 = Debug|Any CPU
		{A25A1C84-B5EF-4FA2-B2EE-B0F35D26F7DC}.Release|Any CPU.ActiveCfg = Release|Any CPU
		{A25A1C84-B5EF-4FA2-B2EE-B0F35D26F7DC}.Release|Any CPU.Build.0 = Release|Any CPU
	EndGlobalSection
	GlobalSection(SolutionProperties) = preSolution
		HideSolutionNode = FALSE
	EndGlobalSection
EndGlobal
